
Microsoft Visual Studio Solution File, Format Version 12.00
# Visual Studio Version 17
VisualStudioVersion = 17.13.35818.85 d17.13
MinimumVisualStudioVersion = 10.0.40219.1
Project("{888888A0-9F3D-457C-B088-3A5042F75D52}") = "DoggieTimeClinic", "DoggieTimeClinic\DoggieTimeClinic.pyproj", "{A7607F5C-9BBC-4547-9858-F3DC398AD4CF}"
EndProject
Global
	GlobalSection(SolutionConfigurationPlatforms) = preSolution
		Debug|Any CPU = Debug|Any CPU
		Release|Any CPU = Release|Any CPU
	EndGlobalSection
	GlobalSection(ProjectConfigurationPlatforms) = postSolution
		{A7607F5C-9BBC-4547-9858-F3DC398AD4CF}.Debug|Any CPU.ActiveCfg = Debug|Any CPU
		{A7607F5C-9BBC-4547-9858-F3DC398AD4CF}.Debug|Any CPU.Build.0 = Debug|Any CPU
		{A7607F5C-9BBC-4547-9858-F3DC398AD4CF}.Release|Any CPU.ActiveCfg = Release|Any CPU
		{A7607F5C-9BBC-4547-9858-F3DC398AD4CF}.Release|Any CPU.Build.0 = Release|Any CPU
	EndGlobalSection
	GlobalSection(SolutionProperties) = preSolution
		HideSolutionNode = FALSE
	EndGlobalSection
	GlobalSection(ExtensibilityGlobals) = postSolution
		SolutionGuid = {C87B883E-69C3-40F0-8C2F-05D7011A773F}
	EndGlobalSection
EndGlobal
